
Microsoft Visual Studio Solution File, Format Version 12.00
# Visual Studio Version 17
VisualStudioVersion = 17.11.35219.272
MinimumVisualStudioVersion = 10.0.40219.1
Project("{9A19103F-16F7-4668-BE54-9A1E7A4F7556}") = "PrefixImproved", "PrefixImproved.csproj", "{7E5F3259-CC12-47F8-9A9E-D5BA1CE662B8}"
EndProject
Global
	GlobalSection(SolutionConfigurationPlatforms) = preSolution
		Debug|Any CPU = Debug|Any CPU
		Release|Any CPU = Release|Any CPU
	EndGlobalSection
	GlobalSection(ProjectConfigurationPlatforms) = postSolution
		{7E5F3259-CC12-47F8-9A9E-D5BA1CE662B8}.Debug|Any CPU.ActiveCfg = Debug|Any CPU
		{7E5F3259-CC12-47F8-9A9E-D5BA1CE662B8}.Debug|Any CPU.Build.0 = Debug|Any CPU
		{7E5F3259-CC12-47F8-9A9E-D5BA1CE662B8}.Release|Any CPU.ActiveCfg = Release|Any CPU
		{7E5F3259-CC12-47F8-9A9E-D5BA1CE662B8}.Release|Any CPU.Build.0 = Release|Any CPU
	EndGlobalSection
	GlobalSection(SolutionProperties) = preSolution
		HideSolutionNode = FALSE
	EndGlobalSection
	GlobalSection(ExtensibilityGlobals) = postSolution
		SolutionGuid = {A0B030B3-1CA1-4EE7-8003-BA23437E3617}
	EndGlobalSection
EndGlobal
